// !$*UTF8*$!
{
	archiveVersion = 1;
	classes = {
	};
	objectVersion = 77;
	objects = {

/* Begin PBXContainerItemProxy section */
		D2E308F52EBA9A7200CC723D /* PBXContainerItemProxy */ = {
			isa = PBXContainerItemProxy;
			containerPortal = D2E308DD2EBA9A7000CC723D /* Project object */;
			proxyType = 1;
			remoteGlobalIDString = D2E308E42EBA9A7000CC723D;
			remoteInfo = TMDB_Project;
		};
		D2E308FF2EBA9A7200CC723D /* PBXContainerItemProxy */ = {
			isa = PBXContainerItemProxy;
			containerPortal = D2E308DD2EBA9A7000CC723D /* Project object */;
			proxyType = 1;
			remoteGlobalIDString = D2E308E42EBA9A7000CC723D;
			remoteInfo = TMDB_Project;
		};
/* End PBXContainerItemProxy section */

/* Begin PBXFileReference section */
		D2E308E52EBA9A7000CC723D /* TMDB_Project.app */ = {isa = PBXFileReference; explicitFileType = wrapper.application; includeInIndex = 0; path = TMDB_Project.app; sourceTree = BUILT_PRODUCTS_DIR; };
		D2E308F42EBA9A7200CC723D /* TMDB_ProjectTests.xctest */ = {isa = PBXFileReference; explicitFileType = wrapper.cfbundle; includeInIndex = 0; path = TMDB_ProjectTests.xctest; sourceTree = BUILT_PRODUCTS_DIR; };
		D2E308FE2EBA9A7200CC723D /* TMDB_ProjectUITests.xctest */ = {isa = PBXFileReference; explicitFileType = wrapper.cfbundle; includeInIndex = 0; path = TMDB_ProjectUITests.xctest; sourceTree = BUILT_PRODUCTS_DIR; };
/* End PBXFileReference section */

/* Begin PBXFileSystemSynchronizedRootGroup section */
		D2E308E72EBA9A7000CC723D /* TMDB_Project */ = {
			isa = PBXFileSystemSynchronizedRootGroup;
			path = TMDB_Project;
			sourceTree = "<group>";
		};
		D2E308F72EBA9A7200CC723D /* TMDB_ProjectTests */ = {
			isa = PBXFileSystemSynchronizedRootGroup;
			path = TMDB_ProjectTests;
			sourceTree = "<group>";
		};
		D2E309012EBA9A7200CC723D /* TMDB_ProjectUITests */ = {
			isa = PBXFileSystemSynchronizedRootGroup;
			path = TMDB_ProjectUITests;
			sourceTree = "<group>";
		};
		D2E3092B2EBAA46E00CC723D /* Configs */ = {
			isa = PBXFileSystemSynchronizedRootGroup;
			path = Configs;
			sourceTree = "<group>";
		};
/* End PBXFileSystemSynchronizedRootGroup section */

/* Begin PBXFrameworksBuildPhase section */
		D2E308E22EBA9A7000CC723D /* Frameworks */ = {
			isa = PBXFrameworksBuildPhase;
			buildActionMask = 2147483647;
			files = (
			);
			runOnlyForDeploymentPostprocessing = 0;
		};
		D2E308F12EBA9A7200CC723D /* Frameworks */ = {
			isa = PBXFrameworksBuildPhase;
			buildActionMask = 2147483647;
			files = (
			);
			runOnlyForDeploymentPostprocessing = 0;
		};
		D2E308FB2EBA9A7200CC723D /* Frameworks */ = {
			isa = PBXFrameworksBuildPhase;
			buildActionMask = 2147483647;
			files = (
			);
			runOnlyForDeploymentPostprocessing = 0;
		};
/* End PBXFrameworksBuildPhase section */

/* Begin PBXGroup section */
		D2E308DC2EBA9A7000CC723D = {
			isa = PBXGroup;
			children = (
				D2E3092B2EBAA46E00CC723D /* Configs */,
				D2E308E72EBA9A7000CC723D /* TMDB_Project */,
				D2E308F72EBA9A7200CC723D /* TMDB_ProjectTests */,
				D2E309012EBA9A7200CC723D /* TMDB_ProjectUITests */,
				D2E308E62EBA9A7000CC723D /* Products */,
			);
			sourceTree = "<group>";
		};
		D2E308E62EBA9A7000CC723D /* Products */ = {
			isa = PBXGroup;
			children = (
				D2E308E52EBA9A7000CC723D /* TMDB_Project.app */,
				D2E308F42EBA9A7200CC723D /* TMDB_ProjectTests.xctest */,
				D2E308FE2EBA9A7200CC723D /* TMDB_ProjectUITests.xctest */,
			);
			name = Products;
			sourceTree = "<group>";
		};
/* End PBXGroup section */

/* Begin PBXNativeTarget section */
		D2E308E42EBA9A7000CC723D /* TMDB_Project */ = {
			isa = PBXNativeTarget;
			buildConfigurationList = D2E309082EBA9A7200CC723D /* Build configuration list for PBXNativeTarget "TMDB_Project" */;
			buildPhases = (
				D2E308E12EBA9A7000CC723D /* Sources */,
				D2E308E22EBA9A7000CC723D /* Frameworks */,
				D2E308E32EBA9A7000CC723D /* Resources */,
			);
			buildRules = (
			);
			dependencies = (
			);
			fileSystemSynchronizedGroups = (
				D2E308E72EBA9A7000CC723D /* TMDB_Project */,
				D2E3092B2EBAA46E00CC723D /* Configs */,
			);
			name = TMDB_Project;
			packageProductDependencies = (
			);
			productName = TMDB_Project;
			productReference = D2E308E52EBA9A7000CC723D /* TMDB_Project.app */;
			productType = "com.apple.product-type.application";
		};
		D2E308F32EBA9A7200CC723D /* TMDB_ProjectTests */ = {
			isa = PBXNativeTarget;
			buildConfigurationList = D2E3090B2EBA9A7200CC723D /* Build configuration list for PBXNativeTarget "TMDB_ProjectTests" */;
			buildPhases = (
				D2E308F02EBA9A7200CC723D /* Sources */,
				D2E308F12EBA9A7200CC723D /* Frameworks */,
				D2E308F22EBA9A7200CC723D /* Resources */,
			);
			buildRules = (
			);
			dependencies = (
				D2E308F62EBA9A7200CC723D /* PBXTargetDependency */,
			);
			fileSystemSynchronizedGroups = (
				D2E308F72EBA9A7200CC723D /* TMDB_ProjectTests */,
			);
			name = TMDB_ProjectTests;
			packageProductDependencies = (
			);
			productName = TMDB_ProjectTests;
			productReference = D2E308F42EBA9A7200CC723D /* TMDB_ProjectTests.xctest */;
			productType = "com.apple.product-type.bundle.unit-test";
		};
		D2E308FD2EBA9A7200CC723D /* TMDB_ProjectUITests */ = {
			isa = PBXNativeTarget;
			buildConfigurationList = D2E3090E2EBA9A7200CC723D /* Build configuration list for PBXNativeTarget "TMDB_ProjectUITests" */;
			buildPhases = (
				D2E308FA2EBA9A7200CC723D /* Sources */,
				D2E308FB2EBA9A7200CC723D /* Frameworks */,
				D2E308FC2EBA9A7200CC723D /* Resources */,
			);
			buildRules = (
			);
			dependencies = (
				D2E309002EBA9A7200CC723D /* PBXTargetDependency */,
			);
			fileSystemSynchronizedGroups = (
				D2E309012EBA9A7200CC723D /* TMDB_ProjectUITests */,
			);
			name = TMDB_ProjectUITests;
			packageProductDependencies = (
			);
			productName = TMDB_ProjectUITests;
			productReference = D2E308FE2EBA9A7200CC723D /* TMDB_ProjectUITests.xctest */;
			productType = "com.apple.product-type.bundle.ui-testing";
		};
/* End PBXNativeTarget section */

/* Begin PBXProject section */
		D2E308DD2EBA9A7000CC723D /* Project object */ = {
			isa = PBXProject;
			attributes = {
				BuildIndependentTargetsInParallel = 1;
				LastSwiftUpdateCheck = 2600;
				LastUpgradeCheck = 2600;
				TargetAttributes = {
					D2E308E42EBA9A7000CC723D = {
						CreatedOnToolsVersion = 26.0.1;
					};
					D2E308F32EBA9A7200CC723D = {
						CreatedOnToolsVersion = 26.0.1;
						TestTargetID = D2E308E42EBA9A7000CC723D;
					};
					D2E308FD2EBA9A7200CC723D = {
						CreatedOnToolsVersion = 26.0.1;
						TestTargetID = D2E308E42EBA9A7000CC723D;
					};
				};
			};
			buildConfigurationList = D2E308E02EBA9A7000CC723D /* Build configuration list for PBXProject "TMDB_Project" */;
			developmentRegion = en;
			hasScannedForEncodings = 0;
			knownRegions = (
				en,
				Base,
			);
			mainGroup = D2E308DC2EBA9A7000CC723D;
			minimizedProjectReferenceProxies = 1;
			preferredProjectObjectVersion = 77;
			productRefGroup = D2E308E62EBA9A7000CC723D /* Products */;
			projectDirPath = "";
			projectRoot = "";
			targets = (
				D2E308E42EBA9A7000CC723D /* TMDB_Project */,
				D2E308F32EBA9A7200CC723D /* TMDB_ProjectTests */,
				D2E308FD2EBA9A7200CC723D /* TMDB_ProjectUITests */,
			);
		};
/* End PBXProject section */

/* Begin PBXResourcesBuildPhase section */
		D2E308E32EBA9A7000CC723D /* Resources */ = {
			isa = PBXResourcesBuildPhase;
			buildActionMask = 2147483647;
			files = (
			);
			runOnlyForDeploymentPostprocessing = 0;
		};
		D2E308F22EBA9A7200CC723D /* Resources */ = {
			isa = PBXResourcesBuildPhase;
			buildActionMask = 2147483647;
			files = (
			);
			runOnlyForDeploymentPostprocessing = 0;
		};
		D2E308FC2EBA9A7200CC723D /* Resources */ = {
			isa = PBXResourcesBuildPhase;
			buildActionMask = 2147483647;
			files = (
			);
			runOnlyForDeploymentPostprocessing = 0;
		};
/* End PBXResourcesBuildPhase section */

/* Begin PBXSourcesBuildPhase section */
		D2E308E12EBA9A7000CC723D /* Sources */ = {
			isa = PBXSourcesBuildPhase;
			buildActionMask = 2147483647;
			files = (
			);
			runOnlyForDeploymentPostprocessing = 0;
		};
		D2E308F02EBA9A7200CC723D /* Sources */ = {
			isa = PBXSourcesBuildPhase;
			buildActionMask = 2147483647;
			files = (
			);
			runOnlyForDeploymentPostprocessing = 0;
		};
		D2E308FA2EBA9A7200CC723D /* Sources */ = {
			isa = PBXSourcesBuildPhase;
			buildActionMask = 2147483647;
			files = (
			);
			runOnlyForDeploymentPostprocessing = 0;
		};
/* End PBXSourcesBuildPhase section */

/* Begin PBXTargetDependency section */
		D2E308F62EBA9A7200CC723D /* PBXTargetDependency */ = {
			isa = PBXTargetDependency;
			target = D2E308E42EBA9A7000CC723D /* TMDB_Project */;
			targetProxy = D2E308F52EBA9A7200CC723D /* PBXContainerItemProxy */;
		};
		D2E309002EBA9A7200CC723D /* PBXTargetDependency */ = {
			isa = PBXTargetDependency;
			target = D2E308E42EBA9A7000CC723D /* TMDB_Project */;
			targetProxy = D2E308FF2EBA9A7200CC723D /* PBXContainerItemProxy */;
		};
/* End PBXTargetDependency section */

/* Begin XCBuildConfiguration section */
		D2E309062EBA9A7200CC723D /* Debug */ = {
			isa = XCBuildConfiguration;
			baseConfigurationReferenceAnchor = D2E3092B2EBAA46E00CC723D /* Configs */;
			baseConfigurationReferenceRelativePath = TMDBConfig.xcconfig;
			buildSettings = {
				ALWAYS_SEARCH_USER_PATHS = NO;
				ASSETCATALOG_COMPILER_GENERATE_SWIFT_ASSET_SYMBOL_EXTENSIONS = YES;
				CLANG_ANALYZER_NONNULL = YES;
				CLANG_ANALYZER_NUMBER_OBJECT_CONVERSION = YES_AGGRESSIVE;
				CLANG_CXX_LANGUAGE_STANDARD = "gnu++20";
				CLANG_ENABLE_MODULES = YES;
				CLANG_ENABLE_OBJC_ARC = YES;
				CLANG_ENABLE_OBJC_WEAK = YES;
				CLANG_WARN_BLOCK_CAPTURE_AUTORELEASING = YES;
				CLANG_WARN_BOOL_CONVERSION = YES;
				CLANG_WARN_COMMA = YES;
				CLANG_WARN_CONSTANT_CONVERSION = YES;
				CLANG_WARN_DEPRECATED_OBJC_IMPLEMENTATIONS = YES;
				CLANG_WARN_DIRECT_OBJC_ISA_USAGE = YES_ERROR;
				CLANG_WARN_DOCUMENTATION_COMMENTS = YES;
				CLANG_WARN_EMPTY_BODY = YES;
				CLANG_WARN_ENUM_CONVERSION = YES;
				CLANG_WARN_INFINITE_RECURSION = YES;
				CLANG_WARN_INT_CONVERSION = YES;
				CLANG_WARN_NON_LITERAL_NULL_CONVERSION = YES;
				CLANG_WARN_OBJC_IMPLICIT_RETAIN_SELF = YES;
				CLANG_WARN_OBJC_LITERAL_CONVERSION = YES;
				CLANG_WARN_OBJC_ROOT_CLASS = YES_ERROR;
				CLANG_WARN_QUOTED_INCLUDE_IN_FRAMEWORK_HEADER = YES;
				CLANG_WARN_RANGE_LOOP_ANALYSIS = YES;
				CLANG_WARN_STRICT_PROTOTYPES = YES;
				CLANG_WARN_SUSPICIOUS_MOVE = YES;
				CLANG_WARN_UNGUARDED_AVAILABILITY = YES_AGGRESSIVE;
				CLANG_WARN_UNREACHABLE_CODE = YES;
				CLANG_WARN__DUPLICATE_METHOD_MATCH = YES;
				COPY_PHASE_STRIP = NO;
				DEBUG_INFORMATION_FORMAT = dwarf;
				DEVELOPMENT_TEAM = JAY4B9B628;
				ENABLE_STRICT_OBJC_MSGSEND = YES;
				ENABLE_TESTABILITY = YES;
				ENABLE_USER_SCRIPT_SANDBOXING = YES;
				GCC_C_LANGUAGE_STANDARD = gnu17;
				GCC_DYNAMIC_NO_PIC = NO;
				GCC_NO_COMMON_BLOCKS = YES;
				GCC_OPTIMIZATION_LEVEL = 0;
				GCC_PREPROCESSOR_DEFINITIONS = (
					"DEBUG=1",
					"$(inherited)",
				);
				GCC_WARN_64_TO_32_BIT_CONVERSION = YES;
				GCC_WARN_ABOUT_RETURN_TYPE = YES_ERROR;
				GCC_WARN_UNDECLARED_SELECTOR = YES;
				GCC_WARN_UNINITIALIZED_AUTOS = YES_AGGRESSIVE;
				GCC_WARN_UNUSED_FUNCTION = YES;
				GCC_WARN_UNUSED_VARIABLE = YES;
				IPHONEOS_DEPLOYMENT_TARGET = 26.0;
				LOCALIZATION_PREFERS_STRING_CATALOGS = YES;
				MTL_ENABLE_DEBUG_INFO = INCLUDE_SOURCE;
				MTL_FAST_MATH = YES;
				ONLY_ACTIVE_ARCH = YES;
				SDKROOT = iphoneos;
				SWIFT_ACTIVE_COMPILATION_CONDITIONS = "DEBUG $(inherited)";
				SWIFT_OPTIMIZATION_LEVEL = "-Onone";
			};
			name = Debug;
		};
		D2E309072EBA9A7200CC723D /* Release */ = {
			isa = XCBuildConfiguration;
			baseConfigurationReferenceAnchor = D2E3092B2EBAA46E00CC723D /* Configs */;
			baseConfigurationReferenceRelativePath = TMDBConfig.xcconfig;
			buildSettings = {
				ALWAYS_SEARCH_USER_PATHS = NO;
				ASSETCATALOG_COMPILER_GENERATE_SWIFT_ASSET_SYMBOL_EXTENSIONS = YES;
				CLANG_ANALYZER_NONNULL = YES;
				CLANG_ANALYZER_NUMBER_OBJECT_CONVERSION = YES_AGGRESSIVE;
				CLANG_CXX_LANGUAGE_STANDARD = "gnu++20";
				CLANG_ENABLE_MODULES = YES;
				CLANG_ENABLE_OBJC_ARC = YES;
				CLANG_ENABLE_OBJC_WEAK = YES;
				CLANG_WARN_BLOCK_CAPTURE_AUTORELEASING = YES;
				CLANG_WARN_BOOL_CONVERSION = YES;
				CLANG_WARN_COMMA = YES;
				CLANG_WARN_CONSTANT_CONVERSION = YES;
				CLANG_WARN_DEPRECATED_OBJC_IMPLEMENTATIONS = YES;
				CLANG_WARN_DIRECT_OBJC_ISA_USAGE = YES_ERROR;
				CLANG_WARN_DOCUMENTATION_COMMENTS = YES;
				CLANG_WARN_EMPTY_BODY = YES;
				CLANG_WARN_ENUM_CONVERSION = YES;
				CLANG_WARN_INFINITE_RECURSION = YES;
				CLANG_WARN_INT_CONVERSION = YES;
				CLANG_WARN_NON_LITERAL_NULL_CONVERSION = YES;
				CLANG_WARN_OBJC_IMPLICIT_RETAIN_SELF = YES;
				CLANG_WARN_OBJC_LITERAL_CONVERSION = YES;
				CLANG_WARN_OBJC_ROOT_CLASS = YES_ERROR;
				CLANG_WARN_QUOTED_INCLUDE_IN_FRAMEWORK_HEADER = YES;
				CLANG_WARN_RANGE_LOOP_ANALYSIS = YES;
				CLANG_WARN_STRICT_PROTOTYPES = YES;
				CLANG_WARN_SUSPICIOUS_MOVE = YES;
				CLANG_WARN_UNGUARDED_AVAILABILITY = YES_AGGRESSIVE;
				CLANG_WARN_UNREACHABLE_CODE = YES;
				CLANG_WARN__DUPLICATE_METHOD_MATCH = YES;
				COPY_PHASE_STRIP = NO;
				DEBUG_INFORMATION_FORMAT = "dwarf-with-dsym";
				DEVELOPMENT_TEAM = JAY4B9B628;
				ENABLE_NS_ASSERTIONS = NO;
				ENABLE_STRICT_OBJC_MSGSEND = YES;
				ENABLE_USER_SCRIPT_SANDBOXING = YES;
				GCC_C_LANGUAGE_STANDARD = gnu17;
				GCC_NO_COMMON_BLOCKS = YES;
				GCC_WARN_64_TO_32_BIT_CONVERSION = YES;
				GCC_WARN_ABOUT_RETURN_TYPE = YES_ERROR;
				GCC_WARN_UNDECLARED_SELECTOR = YES;
				GCC_WARN_UNINITIALIZED_AUTOS = YES_AGGRESSIVE;
				GCC_WARN_UNUSED_FUNCTION = YES;
				GCC_WARN_UNUSED_VARIABLE = YES;
				IPHONEOS_DEPLOYMENT_TARGET = 26.0;
				LOCALIZATION_PREFERS_STRING_CATALOGS = YES;
				MTL_ENABLE_DEBUG_INFO = NO;
				MTL_FAST_MATH = YES;
				SDKROOT = iphoneos;
				SWIFT_COMPILATION_MODE = wholemodule;
				VALIDATE_PRODUCT = YES;
			};
			name = Release;
		};
		D2E309092EBA9A7200CC723D /* Debug */ = {
			isa = XCBuildConfiguration;
			baseConfigurationReferenceAnchor = D2E3092B2EBAA46E00CC723D /* Configs */;
			baseConfigurationReferenceRelativePath = TMDBConfig.xcconfig;
			buildSettings = {
				ASSETCATALOG_COMPILER_APPICON_NAME = AppIcon;
				ASSETCATALOG_COMPILER_GLOBAL_ACCENT_COLOR_NAME = AccentColor;
				CODE_SIGN_STYLE = Automatic;
				CURRENT_PROJECT_VERSION = 1;
				DEVELOPMENT_TEAM = JAY4B9B628;
				ENABLE_PREVIEWS = YES;
				GENERATE_INFOPLIST_FILE = YES;
				INFOPLIST_FILE = "TMDB-Project-Info.plist";
				INFOPLIST_KEY_UIApplicationSceneManifest_Generation = YES;
				INFOPLIST_KEY_UIApplicationSupportsIndirectInputEvents = YES;
				INFOPLIST_KEY_UILaunchScreen_Generation = YES;
				INFOPLIST_KEY_UISupportedInterfaceOrientations_iPad = "UIInterfaceOrientationPortrait UIInterfaceOrientationPortraitUpsideDown UIInterfaceOrientationLandscapeLeft UIInterfaceOrientationLandscapeRight";
				INFOPLIST_KEY_UISupportedInterfaceOrientations_iPhone = "UIInterfaceOrientationPortrait UIInterfaceOrientationLandscapeLeft UIInterfaceOrientationLandscapeRight";
				LD_RUNPATH_SEARCH_PATHS = (
					"$(inherited)",
					"@executable_path/Frameworks",
				);
				MARKETING_VERSION = 1.0;
				PRODUCT_BUNDLE_IDENTIFIER = "Junyu.TMDB-Project";
				PRODUCT_NAME = "$(TARGET_NAME)";
				STRING_CATALOG_GENERATE_SYMBOLS = YES;
				SWIFT_APPROACHABLE_CONCURRENCY = YES;
				SWIFT_DEFAULT_ACTOR_ISOLATION = MainActor;
				SWIFT_EMIT_LOC_STRINGS = YES;
				SWIFT_UPCOMING_FEATURE_MEMBER_IMPORT_VISIBILITY = YES;
				SWIFT_VERSION = 5.0;
				TARGETED_DEVICE_FAMILY = "1,2";
			};
			name = Debug;
		};
		D2E3090A2EBA9A7200CC723D /* Release */ = {
			isa = XCBuildConfiguration;
			baseConfigurationReferenceAnchor = D2E3092B2EBAA46E00CC723D /* Configs */;
			baseConfigurationReferenceRelativePath = TMDBConfig.xcconfig;
			buildSettings = {
				ASSETCATALOG_COMPILER_APPICON_NAME = AppIcon;
				ASSETCATALOG_COMPILER_GLOBAL_ACCENT_COLOR_NAME = AccentColor;
				CODE_SIGN_STYLE = Automatic;
				CURRENT_PROJECT_VERSION = 1;
				DEVELOPMENT_TEAM = JAY4B9B628;
				ENABLE_PREVIEWS = YES;
				GENERATE_INFOPLIST_FILE = YES;
				INFOPLIST_FILE = "TMDB-Project-Info.plist";
				INFOPLIST_KEY_UIApplicationSceneManifest_Generation = YES;
				INFOPLIST_KEY_UIApplicationSupportsIndirectInputEvents = YES;
				INFOPLIST_KEY_UILaunchScreen_Generation = YES;
				INFOPLIST_KEY_UISupportedInterfaceOrientations_iPad = "UIInterfaceOrientationPortrait UIInterfaceOrientationPortraitUpsideDown UIInterfaceOrientationLandscapeLeft UIInterfaceOrientationLandscapeRight";
				INFOPLIST_KEY_UISupportedInterfaceOrientations_iPhone = "UIInterfaceOrientationPortrait UIInterfaceOrientationLandscapeLeft UIInterfaceOrientationLandscapeRight";
				LD_RUNPATH_SEARCH_PATHS = (
					"$(inherited)",
					"@executable_path/Frameworks",
				);
				MARKETING_VERSION = 1.0;
				PRODUCT_BUNDLE_IDENTIFIER = "Junyu.TMDB-Project";
				PRODUCT_NAME = "$(TARGET_NAME)";
				STRING_CATALOG_GENERATE_SYMBOLS = YES;
				SWIFT_APPROACHABLE_CONCURRENCY = YES;
				SWIFT_DEFAULT_ACTOR_ISOLATION = MainActor;
				SWIFT_EMIT_LOC_STRINGS = YES;
				SWIFT_UPCOMING_FEATURE_MEMBER_IMPORT_VISIBILITY = YES;
				SWIFT_VERSION = 5.0;
				TARGETED_DEVICE_FAMILY = "1,2";
			};
			name = Release;
		};
		D2E3090C2EBA9A7200CC723D /* Debug */ = {
			isa = XCBuildConfiguration;
			baseConfigurationReferenceAnchor = D2E3092B2EBAA46E00CC723D /* Configs */;
			baseConfigurationReferenceRelativePath = TMDBConfig.xcconfig;
			buildSettings = {
				BUNDLE_LOADER = "$(TEST_HOST)";
				CODE_SIGN_STYLE = Automatic;
				CURRENT_PROJECT_VERSION = 1;
				DEVELOPMENT_TEAM = JAY4B9B628;
				GENERATE_INFOPLIST_FILE = YES;
				IPHONEOS_DEPLOYMENT_TARGET = 26.0;
				MARKETING_VERSION = 1.0;
				PRODUCT_BUNDLE_IDENTIFIER = "Junyu.TMDB-ProjectTests";
				PRODUCT_NAME = "$(TARGET_NAME)";
				STRING_CATALOG_GENERATE_SYMBOLS = NO;
				SWIFT_APPROACHABLE_CONCURRENCY = YES;
				SWIFT_EMIT_LOC_STRINGS = NO;
				SWIFT_UPCOMING_FEATURE_MEMBER_IMPORT_VISIBILITY = YES;
				SWIFT_VERSION = 5.0;
				TARGETED_DEVICE_FAMILY = "1,2";
				TEST_HOST = "$(BUILT_PRODUCTS_DIR)/TMDB_Project.app/$(BUNDLE_EXECUTABLE_FOLDER_PATH)/TMDB_Project";
			};
			name = Debug;
		};
		D2E3090D2EBA9A7200CC723D /* Release */ = {
			isa = XCBuildConfiguration;
			baseConfigurationReferenceAnchor = D2E3092B2EBAA46E00CC723D /* Configs */;
			baseConfigurationReferenceRelativePath = TMDBConfig.xcconfig;
			buildSettings = {
				BUNDLE_LOADER = "$(TEST_HOST)";
				CODE_SIGN_STYLE = Automatic;
				CURRENT_PROJECT_VERSION = 1;
				DEVELOPMENT_TEAM = JAY4B9B628;
				GENERATE_INFOPLIST_FILE = YES;
				IPHONEOS_DEPLOYMENT_TARGET = 26.0;
				MARKETING_VERSION = 1.0;
				PRODUCT_BUNDLE_IDENTIFIER = "Junyu.TMDB-ProjectTests";
				PRODUCT_NAME = "$(TARGET_NAME)";
				STRING_CATALOG_GENERATE_SYMBOLS = NO;
				SWIFT_APPROACHABLE_CONCURRENCY = YES;
				SWIFT_EMIT_LOC_STRINGS = NO;
				SWIFT_UPCOMING_FEATURE_MEMBER_IMPORT_VISIBILITY = YES;
				SWIFT_VERSION = 5.0;
				TARGETED_DEVICE_FAMILY = "1,2";
				TEST_HOST = "$(BUILT_PRODUCTS_DIR)/TMDB_Project.app/$(BUNDLE_EXECUTABLE_FOLDER_PATH)/TMDB_Project";
			};
			name = Release;
		};
		D2E3090F2EBA9A7200CC723D /* Debug */ = {
			isa = XCBuildConfiguration;
			baseConfigurationReferenceAnchor = D2E3092B2EBAA46E00CC723D /* Configs */;
			baseConfigurationReferenceRelativePath = TMDBConfig.xcconfig;
			buildSettings = {
				CODE_SIGN_STYLE = Automatic;
				CURRENT_PROJECT_VERSION = 1;
				DEVELOPMENT_TEAM = JAY4B9B628;
				GENERATE_INFOPLIST_FILE = YES;
				MARKETING_VERSION = 1.0;
				PRODUCT_BUNDLE_IDENTIFIER = "Junyu.TMDB-ProjectUITests";
				PRODUCT_NAME = "$(TARGET_NAME)";
				STRING_CATALOG_GENERATE_SYMBOLS = NO;
				SWIFT_APPROACHABLE_CONCURRENCY = YES;
				SWIFT_EMIT_LOC_STRINGS = NO;
				SWIFT_UPCOMING_FEATURE_MEMBER_IMPORT_VISIBILITY = YES;
				SWIFT_VERSION = 5.0;
				TARGETED_DEVICE_FAMILY = "1,2";
				TEST_TARGET_NAME = TMDB_Project;
			};
			name = Debug;
		};
		D2E309102EBA9A7200CC723D /* Release */ = {
			isa = XCBuildConfiguration;
			baseConfigurationReferenceAnchor = D2E3092B2EBAA46E00CC723D /* Configs */;
			baseConfigurationReferenceRelativePath = TMDBConfig.xcconfig;
			buildSettings = {
				CODE_SIGN_STYLE = Automatic;
				CURRENT_PROJECT_VERSION = 1;
				DEVELOPMENT_TEAM = JAY4B9B628;
				GENERATE_INFOPLIST_FILE = YES;
				MARKETING_VERSION = 1.0;
				PRODUCT_BUNDLE_IDENTIFIER = "Junyu.TMDB-ProjectUITests";
				PRODUCT_NAME = "$(TARGET_NAME)";
				STRING_CATALOG_GENERATE_SYMBOLS = NO;
				SWIFT_APPROACHABLE_CONCURRENCY = YES;
				SWIFT_EMIT_LOC_STRINGS = NO;
				SWIFT_UPCOMING_FEATURE_MEMBER_IMPORT_VISIBILITY = YES;
				SWIFT_VERSION = 5.0;
				TARGETED_DEVICE_FAMILY = "1,2";
				TEST_TARGET_NAME = TMDB_Project;
			};
			name = Release;
		};
/* End XCBuildConfiguration section */

/* Begin XCConfigurationList section */
		D2E308E02EBA9A7000CC723D /* Build configuration list for PBXProject "TMDB_Project" */ = {
			isa = XCConfigurationList;
			buildConfigurations = (
				D2E309062EBA9A7200CC723D /* Debug */,
				D2E309072EBA9A7200CC723D /* Release */,
			);
			defaultConfigurationIsVisible = 0;
			defaultConfigurationName = Release;
		};
		D2E309082EBA9A7200CC723D /* Build configuration list for PBXNativeTarget "TMDB_Project" */ = {
			isa = XCConfigurationList;
			buildConfigurations = (
				D2E309092EBA9A7200CC723D /* Debug */,
				D2E3090A2EBA9A7200CC723D /* Release */,
			);
			defaultConfigurationIsVisible = 0;
			defaultConfigurationName = Release;
		};
		D2E3090B2EBA9A7200CC723D /* Build configuration list for PBXNativeTarget "TMDB_ProjectTests" */ = {
			isa = XCConfigurationList;
			buildConfigurations = (
				D2E3090C2EBA9A7200CC723D /* Debug */,
				D2E3090D2EBA9A7200CC723D /* Release */,
			);
			defaultConfigurationIsVisible = 0;
			defaultConfigurationName = Release;
		};
		D2E3090E2EBA9A7200CC723D /* Build configuration list for PBXNativeTarget "TMDB_ProjectUITests" */ = {
			isa = XCConfigurationList;
			buildConfigurations = (
				D2E3090F2EBA9A7200CC723D /* Debug */,
				D2E309102EBA9A7200CC723D /* Release */,
			);
			defaultConfigurationIsVisible = 0;
			defaultConfigurationName = Release;
		};
/* End XCConfigurationList section */
	};
	rootObject = D2E308DD2EBA9A7000CC723D /* Project object */;
}
